// !$*UTF8*$!
{
	archiveVersion = 1;
	classes = {
	};
	objectVersion = 77;
	objects = {

/* Begin PBXContainerItemProxy section */
		AF91850C2D814BF80033CED2 /* PBXContainerItemProxy */ = {
			isa = PBXContainerItemProxy;
			containerPortal = AF9184F32D814BF60033CED2 /* Project object */;
			proxyType = 1;
			remoteGlobalIDString = AF9184FA2D814BF60033CED2;
			remoteInfo = "ios-webview-experimental-v2";
		};
		AF9185162D814BF80033CED2 /* PBXContainerItemProxy */ = {
			isa = PBXContainerItemProxy;
			containerPortal = AF9184F32D814BF60033CED2 /* Project object */;
			proxyType = 1;
			remoteGlobalIDString = AF9184FA2D814BF60033CED2;
			remoteInfo = "ios-webview-experimental-v2";
		};
/* End PBXContainerItemProxy section */

/* Begin PBXFileReference section */
		AF9184FB2D814BF60033CED2 /* ios-webview-experimental-v2.app */ = {isa = PBXFileReference; explicitFileType = wrapper.application; includeInIndex = 0; path = "ios-webview-experimental-v2.app"; sourceTree = BUILT_PRODUCTS_DIR; };
		AF91850B2D814BF80033CED2 /* ios-webview-experimental-v2Tests.xctest */ = {isa = PBXFileReference; explicitFileType = wrapper.cfbundle; includeInIndex = 0; path = "ios-webview-experimental-v2Tests.xctest"; sourceTree = BUILT_PRODUCTS_DIR; };
		AF9185152D814BF80033CED2 /* ios-webview-experimental-v2UITests.xctest */ = {isa = PBXFileReference; explicitFileType = wrapper.cfbundle; includeInIndex = 0; path = "ios-webview-experimental-v2UITests.xctest"; sourceTree = BUILT_PRODUCTS_DIR; };
/* End PBXFileReference section */

/* Begin PBXFileSystemSynchronizedRootGroup section */
		AF9184FD2D814BF60033CED2 /* ios-webview-experimental-v2 */ = {
			isa = PBXFileSystemSynchronizedRootGroup;
			path = "ios-webview-experimental-v2";
			sourceTree = "<group>";
		};
		AF91850E2D814BF80033CED2 /* ios-webview-experimental-v2Tests */ = {
			isa = PBXFileSystemSynchronizedRootGroup;
			path = "ios-webview-experimental-v2Tests";
			sourceTree = "<group>";
		};
		AF9185182D814BF80033CED2 /* ios-webview-experimental-v2UITests */ = {
			isa = PBXFileSystemSynchronizedRootGroup;
			path = "ios-webview-experimental-v2UITests";
			sourceTree = "<group>";
		};
/* End PBXFileSystemSynchronizedRootGroup section */

/* Begin PBXFrameworksBuildPhase section */
		AF9184F82D814BF60033CED2 /* Frameworks */ = {
			isa = PBXFrameworksBuildPhase;
			buildActionMask = 2147483647;
			files = (
			);
			runOnlyForDeploymentPostprocessing = 0;
		};
		AF9185082D814BF80033CED2 /* Frameworks */ = {
			isa = PBXFrameworksBuildPhase;
			buildActionMask = 2147483647;
			files = (
			);
			runOnlyForDeploymentPostprocessing = 0;
		};
		AF9185122D814BF80033CED2 /* Frameworks */ = {
			isa = PBXFrameworksBuildPhase;
			buildActionMask = 2147483647;
			files = (
			);
			runOnlyForDeploymentPostprocessing = 0;
		};
/* End PBXFrameworksBuildPhase section */

/* Begin PBXGroup section */
		AF9184F22D814BF60033CED2 = {
			isa = PBXGroup;
			children = (
				AF9184FD2D814BF60033CED2 /* ios-webview-experimental-v2 */,
				AF91850E2D814BF80033CED2 /* ios-webview-experimental-v2Tests */,
				AF9185182D814BF80033CED2 /* ios-webview-experimental-v2UITests */,
				AF9184FC2D814BF60033CED2 /* Products */,
			);
			sourceTree = "<group>";
		};
		AF9184FC2D814BF60033CED2 /* Products */ = {
			isa = PBXGroup;
			children = (
				AF9184FB2D814BF60033CED2 /* ios-webview-experimental-v2.app */,
				AF91850B2D814BF80033CED2 /* ios-webview-experimental-v2Tests.xctest */,
				AF9185152D814BF80033CED2 /* ios-webview-experimental-v2UITests.xctest */,
			);
			name = Products;
			sourceTree = "<group>";
		};
/* End PBXGroup section */

/* Begin PBXNativeTarget section */
		AF9184FA2D814BF60033CED2 /* ios-webview-experimental-v2 */ = {
			isa = PBXNativeTarget;
			buildConfigurationList = AF91851F2D814BF80033CED2 /* Build configuration list for PBXNativeTarget "ios-webview-experimental-v2" */;
			buildPhases = (
				AF9184F72D814BF60033CED2 /* Sources */,
				AF9184F82D814BF60033CED2 /* Frameworks */,
				AF9184F92D814BF60033CED2 /* Resources */,
			);
			buildRules = (
			);
			dependencies = (
			);
			fileSystemSynchronizedGroups = (
				AF9184FD2D814BF60033CED2 /* ios-webview-experimental-v2 */,
			);
			name = "ios-webview-experimental-v2";
			packageProductDependencies = (
			);
			productName = "ios-webview-experimental-v2";
			productReference = AF9184FB2D814BF60033CED2 /* ios-webview-experimental-v2.app */;
			productType = "com.apple.product-type.application";
		};
		AF91850A2D814BF80033CED2 /* ios-webview-experimental-v2Tests */ = {
			isa = PBXNativeTarget;
			buildConfigurationList = AF9185222D814BF80033CED2 /* Build configuration list for PBXNativeTarget "ios-webview-experimental-v2Tests" */;
			buildPhases = (
				AF9185072D814BF80033CED2 /* Sources */,
				AF9185082D814BF80033CED2 /* Frameworks */,
				AF9185092D814BF80033CED2 /* Resources */,
			);
			buildRules = (
			);
			dependencies = (
				AF91850D2D814BF80033CED2 /* PBXTargetDependency */,
			);
			fileSystemSynchronizedGroups = (
				AF91850E2D814BF80033CED2 /* ios-webview-experimental-v2Tests */,
			);
			name = "ios-webview-experimental-v2Tests";
			packageProductDependencies = (
			);
			productName = "ios-webview-experimental-v2Tests";
			productReference = AF91850B2D814BF80033CED2 /* ios-webview-experimental-v2Tests.xctest */;
			productType = "com.apple.product-type.bundle.unit-test";
		};
		AF9185142D814BF80033CED2 /* ios-webview-experimental-v2UITests */ = {
			isa = PBXNativeTarget;
			buildConfigurationList = AF9185252D814BF80033CED2 /* Build configuration list for PBXNativeTarget "ios-webview-experimental-v2UITests" */;
			buildPhases = (
				AF9185112D814BF80033CED2 /* Sources */,
				AF9185122D814BF80033CED2 /* Frameworks */,
				AF9185132D814BF80033CED2 /* Resources */,
			);
			buildRules = (
			);
			dependencies = (
				AF9185172D814BF80033CED2 /* PBXTargetDependency */,
			);
			fileSystemSynchronizedGroups = (
				AF9185182D814BF80033CED2 /* ios-webview-experimental-v2UITests */,
			);
			name = "ios-webview-experimental-v2UITests";
			packageProductDependencies = (
			);
			productName = "ios-webview-experimental-v2UITests";
			productReference = AF9185152D814BF80033CED2 /* ios-webview-experimental-v2UITests.xctest */;
			productType = "com.apple.product-type.bundle.ui-testing";
		};
/* End PBXNativeTarget section */

/* Begin PBXProject section */
		AF9184F32D814BF60033CED2 /* Project object */ = {
			isa = PBXProject;
			attributes = {
				BuildIndependentTargetsInParallel = 1;
				LastSwiftUpdateCheck = 1610;
				LastUpgradeCheck = 1610;
				TargetAttributes = {
					AF9184FA2D814BF60033CED2 = {
						CreatedOnToolsVersion = 16.1;
					};
					AF91850A2D814BF80033CED2 = {
						CreatedOnToolsVersion = 16.1;
						TestTargetID = AF9184FA2D814BF60033CED2;
					};
					AF9185142D814BF80033CED2 = {
						CreatedOnToolsVersion = 16.1;
						TestTargetID = AF9184FA2D814BF60033CED2;
					};
				};
			};
			buildConfigurationList = AF9184F62D814BF60033CED2 /* Build configuration list for PBXProject "ios-webview-experimental-v2" */;
			developmentRegion = en;
			hasScannedForEncodings = 0;
			knownRegions = (
				en,
				Base,
			);
			mainGroup = AF9184F22D814BF60033CED2;
			minimizedProjectReferenceProxies = 1;
			preferredProjectObjectVersion = 77;
			productRefGroup = AF9184FC2D814BF60033CED2 /* Products */;
			projectDirPath = "";
			projectRoot = "";
			targets = (
				AF9184FA2D814BF60033CED2 /* ios-webview-experimental-v2 */,
				AF91850A2D814BF80033CED2 /* ios-webview-experimental-v2Tests */,
				AF9185142D814BF80033CED2 /* ios-webview-experimental-v2UITests */,
			);
		};
/* End PBXProject section */

/* Begin PBXResourcesBuildPhase section */
		AF9184F92D814BF60033CED2 /* Resources */ = {
			isa = PBXResourcesBuildPhase;
			buildActionMask = 2147483647;
			files = (
			);
			runOnlyForDeploymentPostprocessing = 0;
		};
		AF9185092D814BF80033CED2 /* Resources */ = {
			isa = PBXResourcesBuildPhase;
			buildActionMask = 2147483647;
			files = (
			);
			runOnlyForDeploymentPostprocessing = 0;
		};
		AF9185132D814BF80033CED2 /* Resources */ = {
			isa = PBXResourcesBuildPhase;
			buildActionMask = 2147483647;
			files = (
			);
			runOnlyForDeploymentPostprocessing = 0;
		};
/* End PBXResourcesBuildPhase section */

/* Begin PBXSourcesBuildPhase section */
		AF9184F72D814BF60033CED2 /* Sources */ = {
			isa = PBXSourcesBuildPhase;
			buildActionMask = 2147483647;
			files = (
			);
			runOnlyForDeploymentPostprocessing = 0;
		};
		AF9185072D814BF80033CED2 /* Sources */ = {
			isa = PBXSourcesBuildPhase;
			buildActionMask = 2147483647;
			files = (
			);
			runOnlyForDeploymentPostprocessing = 0;
		};
		AF9185112D814BF80033CED2 /* Sources */ = {
			isa = PBXSourcesBuildPhase;
			buildActionMask = 2147483647;
			files = (
			);
			runOnlyForDeploymentPostprocessing = 0;
		};
/* End PBXSourcesBuildPhase section */

/* Begin PBXTargetDependency section */
		AF91850D2D814BF80033CED2 /* PBXTargetDependency */ = {
			isa = PBXTargetDependency;
			target = AF9184FA2D814BF60033CED2 /* ios-webview-experimental-v2 */;
			targetProxy = AF91850C2D814BF80033CED2 /* PBXContainerItemProxy */;
		};
		AF9185172D814BF80033CED2 /* PBXTargetDependency */ = {
			isa = PBXTargetDependency;
			target = AF9184FA2D814BF60033CED2 /* ios-webview-experimental-v2 */;
			targetProxy = AF9185162D814BF80033CED2 /* PBXContainerItemProxy */;
		};
/* End PBXTargetDependency section */

/* Begin XCBuildConfiguration section */
		AF91851D2D814BF80033CED2 /* Debug */ = {
			isa = XCBuildConfiguration;
			buildSettings = {
				ALWAYS_SEARCH_USER_PATHS = NO;
				ASSETCATALOG_COMPILER_GENERATE_SWIFT_ASSET_SYMBOL_EXTENSIONS = YES;
				CLANG_ANALYZER_NONNULL = YES;
				CLANG_ANALYZER_NUMBER_OBJECT_CONVERSION = YES_AGGRESSIVE;
				CLANG_CXX_LANGUAGE_STANDARD = "gnu++20";
				CLANG_ENABLE_MODULES = YES;
				CLANG_ENABLE_OBJC_ARC = YES;
				CLANG_ENABLE_OBJC_WEAK = YES;
				CLANG_WARN_BLOCK_CAPTURE_AUTORELEASING = YES;
				CLANG_WARN_BOOL_CONVERSION = YES;
				CLANG_WARN_COMMA = YES;
				CLANG_WARN_CONSTANT_CONVERSION = YES;
				CLANG_WARN_DEPRECATED_OBJC_IMPLEMENTATIONS = YES;
				CLANG_WARN_DIRECT_OBJC_ISA_USAGE = YES_ERROR;
				CLANG_WARN_DOCUMENTATION_COMMENTS = YES;
				CLANG_WARN_EMPTY_BODY = YES;
				CLANG_WARN_ENUM_CONVERSION = YES;
				CLANG_WARN_INFINITE_RECURSION = YES;
				CLANG_WARN_INT_CONVERSION = YES;
				CLANG_WARN_NON_LITERAL_NULL_CONVERSION = YES;
				CLANG_WARN_OBJC_IMPLICIT_RETAIN_SELF = YES;
				CLANG_WARN_OBJC_LITERAL_CONVERSION = YES;
				CLANG_WARN_OBJC_ROOT_CLASS = YES_ERROR;
				CLANG_WARN_QUOTED_INCLUDE_IN_FRAMEWORK_HEADER = YES;
				CLANG_WARN_RANGE_LOOP_ANALYSIS = YES;
				CLANG_WARN_STRICT_PROTOTYPES = YES;
				CLANG_WARN_SUSPICIOUS_MOVE = YES;
				CLANG_WARN_UNGUARDED_AVAILABILITY = YES_AGGRESSIVE;
				CLANG_WARN_UNREACHABLE_CODE = YES;
				CLANG_WARN__DUPLICATE_METHOD_MATCH = YES;
				COPY_PHASE_STRIP = NO;
				DEBUG_INFORMATION_FORMAT = dwarf;
				ENABLE_STRICT_OBJC_MSGSEND = YES;
				ENABLE_TESTABILITY = YES;
				ENABLE_USER_SCRIPT_SANDBOXING = YES;
				GCC_C_LANGUAGE_STANDARD = gnu17;
				GCC_DYNAMIC_NO_PIC = NO;
				GCC_NO_COMMON_BLOCKS = YES;
				GCC_OPTIMIZATION_LEVEL = 0;
				GCC_PREPROCESSOR_DEFINITIONS = (
					"DEBUG=1",
					"$(inherited)",
				);
				GCC_WARN_64_TO_32_BIT_CONVERSION = YES;
				GCC_WARN_ABOUT_RETURN_TYPE = YES_ERROR;
				GCC_WARN_UNDECLARED_SELECTOR = YES;
				GCC_WARN_UNINITIALIZED_AUTOS = YES_AGGRESSIVE;
				GCC_WARN_UNUSED_FUNCTION = YES;
				GCC_WARN_UNUSED_VARIABLE = YES;
				IPHONEOS_DEPLOYMENT_TARGET = 18.1;
				LOCALIZATION_PREFERS_STRING_CATALOGS = YES;
				MTL_ENABLE_DEBUG_INFO = INCLUDE_SOURCE;
				MTL_FAST_MATH = YES;
				ONLY_ACTIVE_ARCH = YES;
				SDKROOT = iphoneos;
				SWIFT_ACTIVE_COMPILATION_CONDITIONS = "DEBUG $(inherited)";
				SWIFT_OPTIMIZATION_LEVEL = "-Onone";
			};
			name = Debug;
		};
		AF91851E2D814BF80033CED2 /* Release */ = {
			isa = XCBuildConfiguration;
			buildSettings = {
				ALWAYS_SEARCH_USER_PATHS = NO;
				ASSETCATALOG_COMPILER_GENERATE_SWIFT_ASSET_SYMBOL_EXTENSIONS = YES;
				CLANG_ANALYZER_NONNULL = YES;
				CLANG_ANALYZER_NUMBER_OBJECT_CONVERSION = YES_AGGRESSIVE;
				CLANG_CXX_LANGUAGE_STANDARD = "gnu++20";
				CLANG_ENABLE_MODULES = YES;
				CLANG_ENABLE_OBJC_ARC = YES;
				CLANG_ENABLE_OBJC_WEAK = YES;
				CLANG_WARN_BLOCK_CAPTURE_AUTORELEASING = YES;
				CLANG_WARN_BOOL_CONVERSION = YES;
				CLANG_WARN_COMMA = YES;
				CLANG_WARN_CONSTANT_CONVERSION = YES;
				CLANG_WARN_DEPRECATED_OBJC_IMPLEMENTATIONS = YES;
				CLANG_WARN_DIRECT_OBJC_ISA_USAGE = YES_ERROR;
				CLANG_WARN_DOCUMENTATION_COMMENTS = YES;
				CLANG_WARN_EMPTY_BODY = YES;
				CLANG_WARN_ENUM_CONVERSION = YES;
				CLANG_WARN_INFINITE_RECURSION = YES;
				CLANG_WARN_INT_CONVERSION = YES;
				CLANG_WARN_NON_LITERAL_NULL_CONVERSION = YES;
				CLANG_WARN_OBJC_IMPLICIT_RETAIN_SELF = YES;
				CLANG_WARN_OBJC_LITERAL_CONVERSION = YES;
				CLANG_WARN_OBJC_ROOT_CLASS = YES_ERROR;
				CLANG_WARN_QUOTED_INCLUDE_IN_FRAMEWORK_HEADER = YES;
				CLANG_WARN_RANGE_LOOP_ANALYSIS = YES;
				CLANG_WARN_STRICT_PROTOTYPES = YES;
				CLANG_WARN_SUSPICIOUS_MOVE = YES;
				CLANG_WARN_UNGUARDED_AVAILABILITY = YES_AGGRESSIVE;
				CLANG_WARN_UNREACHABLE_CODE = YES;
				CLANG_WARN__DUPLICATE_METHOD_MATCH = YES;
				COPY_PHASE_STRIP = NO;
				DEBUG_INFORMATION_FORMAT = "dwarf-with-dsym";
				ENABLE_NS_ASSERTIONS = NO;
				ENABLE_STRICT_OBJC_MSGSEND = YES;
				ENABLE_USER_SCRIPT_SANDBOXING = YES;
				GCC_C_LANGUAGE_STANDARD = gnu17;
				GCC_NO_COMMON_BLOCKS = YES;
				GCC_WARN_64_TO_32_BIT_CONVERSION = YES;
				GCC_WARN_ABOUT_RETURN_TYPE = YES_ERROR;
				GCC_WARN_UNDECLARED_SELECTOR = YES;
				GCC_WARN_UNINITIALIZED_AUTOS = YES_AGGRESSIVE;
				GCC_WARN_UNUSED_FUNCTION = YES;
				GCC_WARN_UNUSED_VARIABLE = YES;
				IPHONEOS_DEPLOYMENT_TARGET = 18.1;
				LOCALIZATION_PREFERS_STRING_CATALOGS = YES;
				MTL_ENABLE_DEBUG_INFO = NO;
				MTL_FAST_MATH = YES;
				SDKROOT = iphoneos;
				SWIFT_COMPILATION_MODE = wholemodule;
				VALIDATE_PRODUCT = YES;
			};
			name = Release;
		};
		AF9185202D814BF80033CED2 /* Debug */ = {
			isa = XCBuildConfiguration;
			buildSettings = {
				ASSETCATALOG_COMPILER_APPICON_NAME = AppIcon;
				ASSETCATALOG_COMPILER_GLOBAL_ACCENT_COLOR_NAME = AccentColor;
				CODE_SIGN_STYLE = Automatic;
				CURRENT_PROJECT_VERSION = 1;
				DEVELOPMENT_ASSET_PATHS = "\"ios-webview-experimental-v2/Preview Content\"";
				DEVELOPMENT_TEAM = P85DKT9MQZ;
				ENABLE_PREVIEWS = YES;
				GENERATE_INFOPLIST_FILE = YES;
				INFOPLIST_KEY_UIApplicationSceneManifest_Generation = YES;
				INFOPLIST_KEY_UIApplicationSupportsIndirectInputEvents = YES;
				INFOPLIST_KEY_UILaunchScreen_Generation = YES;
				INFOPLIST_KEY_UISupportedInterfaceOrientations_iPad = "UIInterfaceOrientationPortrait UIInterfaceOrientationPortraitUpsideDown UIInterfaceOrientationLandscapeLeft UIInterfaceOrientationLandscapeRight";
				INFOPLIST_KEY_UISupportedInterfaceOrientations_iPhone = "UIInterfaceOrientationPortrait UIInterfaceOrientationLandscapeLeft UIInterfaceOrientationLandscapeRight";
				LD_RUNPATH_SEARCH_PATHS = (
					"$(inherited)",
					"@executable_path/Frameworks",
				);
				MARKETING_VERSION = 1.0;
				PRODUCT_BUNDLE_IDENTIFIER = "leekb.ios-webview-experimental-v2";
				PRODUCT_NAME = "$(TARGET_NAME)";
				SWIFT_EMIT_LOC_STRINGS = YES;
				SWIFT_VERSION = 5.0;
				TARGETED_DEVICE_FAMILY = "1,2";
			};
			name = Debug;
		};
		AF9185212D814BF80033CED2 /* Release */ = {
			isa = XCBuildConfiguration;
			buildSettings = {
				ASSETCATALOG_COMPILER_APPICON_NAME = AppIcon;
				ASSETCATALOG_COMPILER_GLOBAL_ACCENT_COLOR_NAME = AccentColor;
				CODE_SIGN_STYLE = Automatic;
				CURRENT_PROJECT_VERSION = 1;
				DEVELOPMENT_ASSET_PATHS = "\"ios-webview-experimental-v2/Preview Content\"";
				DEVELOPMENT_TEAM = P85DKT9MQZ;
				ENABLE_PREVIEWS = YES;
				GENERATE_INFOPLIST_FILE = YES;
				INFOPLIST_KEY_UIApplicationSceneManifest_Generation = YES;
				INFOPLIST_KEY_UIApplicationSupportsIndirectInputEvents = YES;
				INFOPLIST_KEY_UILaunchScreen_Generation = YES;
				INFOPLIST_KEY_UISupportedInterfaceOrientations_iPad = "UIInterfaceOrientationPortrait UIInterfaceOrientationPortraitUpsideDown UIInterfaceOrientationLandscapeLeft UIInterfaceOrientationLandscapeRight";
				INFOPLIST_KEY_UISupportedInterfaceOrientations_iPhone = "UIInterfaceOrientationPortrait UIInterfaceOrientationLandscapeLeft UIInterfaceOrientationLandscapeRight";
				LD_RUNPATH_SEARCH_PATHS = (
					"$(inherited)",
					"@executable_path/Frameworks",
				);
				MARKETING_VERSION = 1.0;
				PRODUCT_BUNDLE_IDENTIFIER = "leekb.ios-webview-experimental-v2";
				PRODUCT_NAME = "$(TARGET_NAME)";
				SWIFT_EMIT_LOC_STRINGS = YES;
				SWIFT_VERSION = 5.0;
				TARGETED_DEVICE_FAMILY = "1,2";
			};
			name = Release;
		};
		AF9185232D814BF80033CED2 /* Debug */ = {
			isa = XCBuildConfiguration;
			buildSettings = {
				BUNDLE_LOADER = "$(TEST_HOST)";
				CODE_SIGN_STYLE = Automatic;
				CURRENT_PROJECT_VERSION = 1;
				DEVELOPMENT_TEAM = P85DKT9MQZ;
				GENERATE_INFOPLIST_FILE = YES;
				IPHONEOS_DEPLOYMENT_TARGET = 18.1;
				MARKETING_VERSION = 1.0;
				PRODUCT_BUNDLE_IDENTIFIER = "leekb.ios-webview-experimental-v2Tests";
				PRODUCT_NAME = "$(TARGET_NAME)";
				SWIFT_EMIT_LOC_STRINGS = NO;
				SWIFT_VERSION = 5.0;
				TARGETED_DEVICE_FAMILY = "1,2";
				TEST_HOST = "$(BUILT_PRODUCTS_DIR)/ios-webview-experimental-v2.app/$(BUNDLE_EXECUTABLE_FOLDER_PATH)/ios-webview-experimental-v2";
			};
			name = Debug;
		};
		AF9185242D814BF80033CED2 /* Release */ = {
			isa = XCBuildConfiguration;
			buildSettings = {
				BUNDLE_LOADER = "$(TEST_HOST)";
				CODE_SIGN_STYLE = Automatic;
				CURRENT_PROJECT_VERSION = 1;
				DEVELOPMENT_TEAM = P85DKT9MQZ;
				GENERATE_INFOPLIST_FILE = YES;
				IPHONEOS_DEPLOYMENT_TARGET = 18.1;
				MARKETING_VERSION = 1.0;
				PRODUCT_BUNDLE_IDENTIFIER = "leekb.ios-webview-experimental-v2Tests";
				PRODUCT_NAME = "$(TARGET_NAME)";
				SWIFT_EMIT_LOC_STRINGS = NO;
				SWIFT_VERSION = 5.0;
				TARGETED_DEVICE_FAMILY = "1,2";
				TEST_HOST = "$(BUILT_PRODUCTS_DIR)/ios-webview-experimental-v2.app/$(BUNDLE_EXECUTABLE_FOLDER_PATH)/ios-webview-experimental-v2";
			};
			name = Release;
		};
		AF9185262D814BF80033CED2 /* Debug */ = {
			isa = XCBuildConfiguration;
			buildSettings = {
				CODE_SIGN_STYLE = Automatic;
				CURRENT_PROJECT_VERSION = 1;
				DEVELOPMENT_TEAM = P85DKT9MQZ;
				GENERATE_INFOPLIST_FILE = YES;
				MARKETING_VERSION = 1.0;
				PRODUCT_BUNDLE_IDENTIFIER = "leekb.ios-webview-experimental-v2UITests";
				PRODUCT_NAME = "$(TARGET_NAME)";
				SWIFT_EMIT_LOC_STRINGS = NO;
				SWIFT_VERSION = 5.0;
				TARGETED_DEVICE_FAMILY = "1,2";
				TEST_TARGET_NAME = "ios-webview-experimental-v2";
			};
			name = Debug;
		};
		AF9185272D814BF80033CED2 /* Release */ = {
			isa = XCBuildConfiguration;
			buildSettings = {
				CODE_SIGN_STYLE = Automatic;
				CURRENT_PROJECT_VERSION = 1;
				DEVELOPMENT_TEAM = P85DKT9MQZ;
				GENERATE_INFOPLIST_FILE = YES;
				MARKETING_VERSION = 1.0;
				PRODUCT_BUNDLE_IDENTIFIER = "leekb.ios-webview-experimental-v2UITests";
				PRODUCT_NAME = "$(TARGET_NAME)";
				SWIFT_EMIT_LOC_STRINGS = NO;
				SWIFT_VERSION = 5.0;
				TARGETED_DEVICE_FAMILY = "1,2";
				TEST_TARGET_NAME = "ios-webview-experimental-v2";
			};
			name = Release;
		};
/* End XCBuildConfiguration section */

/* Begin XCConfigurationList section */
		AF9184F62D814BF60033CED2 /* Build configuration list for PBXProject "ios-webview-experimental-v2" */ = {
			isa = XCConfigurationList;
			buildConfigurations = (
				AF91851D2D814BF80033CED2 /* Debug */,
				AF91851E2D814BF80033CED2 /* Release */,
			);
			defaultConfigurationIsVisible = 0;
			defaultConfigurationName = Release;
		};
		AF91851F2D814BF80033CED2 /* Build configuration list for PBXNativeTarget "ios-webview-experimental-v2" */ = {
			isa = XCConfigurationList;
			buildConfigurations = (
				AF9185202D814BF80033CED2 /* Debug */,
				AF9185212D814BF80033CED2 /* Release */,
			);
			defaultConfigurationIsVisible = 0;
			defaultConfigurationName = Release;
		};
		AF9185222D814BF80033CED2 /* Build configuration list for PBXNativeTarget "ios-webview-experimental-v2Tests" */ = {
			isa = XCConfigurationList;
			buildConfigurations = (
				AF9185232D814BF80033CED2 /* Debug */,
				AF9185242D814BF80033CED2 /* Release */,
			);
			defaultConfigurationIsVisible = 0;
			defaultConfigurationName = Release;
		};
		AF9185252D814BF80033CED2 /* Build configuration list for PBXNativeTarget "ios-webview-experimental-v2UITests" */ = {
			isa = XCConfigurationList;
			buildConfigurations = (
				AF9185262D814BF80033CED2 /* Debug */,
				AF9185272D814BF80033CED2 /* Release */,
			);
			defaultConfigurationIsVisible = 0;
			defaultConfigurationName = Release;
		};
/* End XCConfigurationList section */
	};
	rootObject = AF9184F32D814BF60033CED2 /* Project object */;
}
